// !$*UTF8*$!
{
	archiveVersion = 1;
	classes = {
	};
	objectVersion = 48;
	objects = {

/* Begin PBXBuildFile section */
		A718FC431FB9282B00D9FE03 /* AppDelegate.swift in Sources */ = {isa = PBXBuildFile; fileRef = A718FC421FB9282B00D9FE03 /* AppDelegate.swift */; };
		A718FC451FB9282B00D9FE03 /* ViewController.swift in Sources */ = {isa = PBXBuildFile; fileRef = A718FC441FB9282B00D9FE03 /* ViewController.swift */; };
		A718FC481FB9282B00D9FE03 /* Main.storyboard in Resources */ = {isa = PBXBuildFile; fileRef = A718FC461FB9282B00D9FE03 /* Main.storyboard */; };
		A718FC4A1FB9282B00D9FE03 /* Assets.xcassets in Resources */ = {isa = PBXBuildFile; fileRef = A718FC491FB9282B00D9FE03 /* Assets.xcassets */; };
		A718FC4D1FB9282B00D9FE03 /* LaunchScreen.storyboard in Resources */ = {isa = PBXBuildFile; fileRef = A718FC4B1FB9282B00D9FE03 /* LaunchScreen.storyboard */; };
/* End PBXBuildFile section */

/* Begin PBXFileReference section */
		A718FC3F1FB9282B00D9FE03 /* ExercisePushtoGit.app */ = {isa = PBXFileReference; explicitFileType = wrapper.application; includeInIndex = 0; path = ExercisePushtoGit.app; sourceTree = BUILT_PRODUCTS_DIR; };
		A718FC421FB9282B00D9FE03 /* AppDelegate.swift */ = {isa = PBXFileReference; lastKnownFileType = sourcecode.swift; path = AppDelegate.swift; sourceTree = "<group>"; };
		A718FC441FB9282B00D9FE03 /* ViewController.swift */ = {isa = PBXFileReference; lastKnownFileType = sourcecode.swift; path = ViewController.swift; sourceTree = "<group>"; };
		A718FC471FB9282B00D9FE03 /* Base */ = {isa = PBXFileReference; lastKnownFileType = file.storyboard; name = Base; path = Base.lproj/Main.storyboard; sourceTree = "<group>"; };
		A718FC491FB9282B00D9FE03 /* Assets.xcassets */ = {isa = PBXFileReference; lastKnownFileType = folder.assetcatalog; path = Assets.xcassets; sourceTree = "<group>"; };
		A718FC4C1FB9282B00D9FE03 /* Base */ = {isa = PBXFileReference; lastKnownFileType = file.storyboard; name = Base; path = Base.lproj/LaunchScreen.storyboard; sourceTree = "<group>"; };
		A718FC4E1FB9282B00D9FE03 /* Info.plist */ = {isa = PBXFileReference; lastKnownFileType = text.plist.xml; path = Info.plist; sourceTree = "<group>"; };
/* End PBXFileReference section */

/* Begin PBXFrameworksBuildPhase section */
		A718FC3C1FB9282B00D9FE03 /* Frameworks */ = {
			isa = PBXFrameworksBuildPhase;
			buildActionMask = 2147483647;
			files = (
			);
			runOnlyForDeploymentPostprocessing = 0;
		};
/* End PBXFrameworksBuildPhase section */

/* Begin PBXGroup section */
		A718FC361FB9282B00D9FE03 = {
			isa = PBXGroup;
			children = (
				A718FC411FB9282B00D9FE03 /* ExercisePushtoGit */,
				A718FC401FB9282B00D9FE03 /* Products */,
			);
			sourceTree = "<group>";
		};
		A718FC401FB9282B00D9FE03 /* Products */ = {
			isa = PBXGroup;
			children = (
				A718FC3F1FB9282B00D9FE03 /* ExercisePushtoGit.app */,
			);
			name = Products;
			sourceTree = "<group>";
		};
		A718FC411FB9282B00D9FE03 /* ExercisePushtoGit */ = {
			isa = PBXGroup;
			children = (
				A718FC421FB9282B00D9FE03 /* AppDelegate.swift */,
				A718FC441FB9282B00D9FE03 /* ViewController.swift */,
				A718FC461FB9282B00D9FE03 /* Main.storyboard */,
				A718FC491FB9282B00D9FE03 /* Assets.xcassets */,
				A718FC4B1FB9282B00D9FE03 /* LaunchScreen.storyboard */,
				A718FC4E1FB9282B00D9FE03 /* Info.plist */,
			);
			path = ExercisePushtoGit;
			sourceTree = "<group>";
		};
/* End PBXGroup section */

/* Begin PBXNativeTarget section */
		A718FC3E1FB9282B00D9FE03 /* ExercisePushtoGit */ = {
			isa = PBXNativeTarget;
			buildConfigurationList = A718FC511FB9282B00D9FE03 /* Build configuration list for PBXNativeTarget "ExercisePushtoGit" */;
			buildPhases = (
				A718FC3B1FB9282B00D9FE03 /* Sources */,
				A718FC3C1FB9282B00D9FE03 /* Frameworks */,
				A718FC3D1FB9282B00D9FE03 /* Resources */,
			);
			buildRules = (
			);
			dependencies = (
			);
			name = ExercisePushtoGit;
			productName = ExercisePushtoGit;
			productReference = A718FC3F1FB9282B00D9FE03 /* ExercisePushtoGit.app */;
			productType = "com.apple.product-type.application";
		};
/* End PBXNativeTarget section */

/* Begin PBXProject section */
		A718FC371FB9282B00D9FE03 /* Project object */ = {
			isa = PBXProject;
			attributes = {
				LastSwiftUpdateCheck = 0900;
				LastUpgradeCheck = 0900;
				ORGANIZATIONNAME = "MT Studios";
				TargetAttributes = {
					A718FC3E1FB9282B00D9FE03 = {
						CreatedOnToolsVersion = 9.0;
						ProvisioningStyle = Automatic;
					};
				};
			};
			buildConfigurationList = A718FC3A1FB9282B00D9FE03 /* Build configuration list for PBXProject "ExercisePushtoGit" */;
			compatibilityVersion = "Xcode 8.0";
			developmentRegion = en;
			hasScannedForEncodings = 0;
			knownRegions = (
				en,
				Base,
			);
			mainGroup = A718FC361FB9282B00D9FE03;
			productRefGroup = A718FC401FB9282B00D9FE03 /* Products */;
			projectDirPath = "";
			projectRoot = "";
			targets = (
				A718FC3E1FB9282B00D9FE03 /* ExercisePushtoGit */,
			);
		};
/* End PBXProject section */

/* Begin PBXResourcesBuildPhase section */
		A718FC3D1FB9282B00D9FE03 /* Resources */ = {
			isa = PBXResourcesBuildPhase;
			buildActionMask = 2147483647;
			files = (
				A718FC4D1FB9282B00D9FE03 /* LaunchScreen.storyboard in Resources */,
				A718FC4A1FB9282B00D9FE03 /* Assets.xcassets in Resources */,
				A718FC481FB9282B00D9FE03 /* Main.storyboard in Resources */,
			);
			runOnlyForDeploymentPostprocessing = 0;
		};
/* End PBXResourcesBuildPhase section */

/* Begin PBXSourcesBuildPhase section */
		A718FC3B1FB9282B00D9FE03 /* Sources */ = {
			isa = PBXSourcesBuildPhase;
			buildActionMask = 2147483647;
			files = (
				A718FC451FB9282B00D9FE03 /* ViewController.swift in Sources */,
				A718FC431FB9282B00D9FE03 /* AppDelegate.swift in Sources */,
			);
			runOnlyForDeploymentPostprocessing = 0;
		};
/* End PBXSourcesBuildPhase section */

/* Begin PBXVariantGroup section */
		A718FC461FB9282B00D9FE03 /* Main.storyboard */ = {
			isa = PBXVariantGroup;
			children = (
				A718FC471FB9282B00D9FE03 /* Base */,
			);
			name = Main.storyboard;
			sourceTree = "<group>";
		};
		A718FC4B1FB9282B00D9FE03 /* LaunchScreen.storyboard */ = {
			isa = PBXVariantGroup;
			children = (
				A718FC4C1FB9282B00D9FE03 /* Base */,
			);
			name = LaunchScreen.storyboard;
			sourceTree = "<group>";
		};
/* End PBXVariantGroup section */

/* Begin XCBuildConfiguration section */
		A718FC4F1FB9282B00D9FE03 /* Debug */ = {
			isa = XCBuildConfiguration;
			buildSettings = {
				ALWAYS_SEARCH_USER_PATHS = NO;
				CLANG_ANALYZER_NONNULL = YES;
				CLANG_ANALYZER_NUMBER_OBJECT_CONVERSION = YES_AGGRESSIVE;
				CLANG_CXX_LANGUAGE_STANDARD = "gnu++14";
				CLANG_CXX_LIBRARY = "libc++";
				CLANG_ENABLE_MODULES = YES;
				CLANG_ENABLE_OBJC_ARC = YES;
				CLANG_WARN_BLOCK_CAPTURE_AUTORELEASING = YES;
				CLANG_WARN_BOOL_CONVERSION = YES;
				CLANG_WARN_COMMA = YES;
				CLANG_WARN_CONSTANT_CONVERSION = YES;
				CLANG_WARN_DIRECT_OBJC_ISA_USAGE = YES_ERROR;
				CLANG_WARN_DOCUMENTATION_COMMENTS = YES;
				CLANG_WARN_EMPTY_BODY = YES;
				CLANG_WARN_ENUM_CONVERSION = YES;
				CLANG_WARN_INFINITE_RECURSION = YES;
				CLANG_WARN_INT_CONVERSION = YES;
				CLANG_WARN_NON_LITERAL_NULL_CONVERSION = YES;
				CLANG_WARN_OBJC_LITERAL_CONVERSION = YES;
				CLANG_WARN_OBJC_ROOT_CLASS = YES_ERROR;
				CLANG_WARN_RANGE_LOOP_ANALYSIS = YES;
				CLANG_WARN_STRICT_PROTOTYPES = YES;
				CLANG_WARN_SUSPICIOUS_MOVE = YES;
				CLANG_WARN_UNGUARDED_AVAILABILITY = YES_AGGRESSIVE;
				CLANG_WARN_UNREACHABLE_CODE = YES;
				CLANG_WARN__DUPLICATE_METHOD_MATCH = YES;
				CODE_SIGN_IDENTITY = "iPhone Developer";
				COPY_PHASE_STRIP = NO;
				DEBUG_INFORMATION_FORMAT = dwarf;
				ENABLE_STRICT_OBJC_MSGSEND = YES;
				ENABLE_TESTABILITY = YES;
				GCC_C_LANGUAGE_STANDARD = gnu11;
				GCC_DYNAMIC_NO_PIC = NO;
				GCC_NO_COMMON_BLOCKS = YES;
				GCC_OPTIMIZATION_LEVEL = 0;
				GCC_PREPROCESSOR_DEFINITIONS = (
					"DEBUG=1",
					"$(inherited)",
				);
				GCC_WARN_64_TO_32_BIT_CONVERSION = YES;
				GCC_WARN_ABOUT_RETURN_TYPE = YES_ERROR;
				GCC_WARN_UNDECLARED_SELECTOR = YES;
				GCC_WARN_UNINITIALIZED_AUTOS = YES_AGGRESSIVE;
				GCC_WARN_UNUSED_FUNCTION = YES;
				GCC_WARN_UNUSED_VARIABLE = YES;
				IPHONEOS_DEPLOYMENT_TARGET = 11.0;
				MTL_ENABLE_DEBUG_INFO = YES;
				ONLY_ACTIVE_ARCH = YES;
				SDKROOT = iphoneos;
				SWIFT_ACTIVE_COMPILATION_CONDITIONS = DEBUG;
				SWIFT_OPTIMIZATION_LEVEL = "-Onone";
			};
			name = Debug;
		};
		A718FC501FB9282B00D9FE03 /* Release */ = {
			isa = XCBuildConfiguration;
			buildSettings = {
				ALWAYS_SEARCH_USER_PATHS = NO;
				CLANG_ANALYZER_NONNULL = YES;
				CLANG_ANALYZER_NUMBER_OBJECT_CONVERSION = YES_AGGRESSIVE;
				CLANG_CXX_LANGUAGE_STANDARD = "gnu++14";
				CLANG_CXX_LIBRARY = "libc++";
				CLANG_ENABLE_MODULES = YES;
				CLANG_ENABLE_OBJC_ARC = YES;
				CLANG_WARN_BLOCK_CAPTURE_AUTORELEASING = YES;
				CLANG_WARN_BOOL_CONVERSION = YES;
				CLANG_WARN_COMMA = YES;
				CLANG_WARN_CONSTANT_CONVERSION = YES;
				CLANG_WARN_DIRECT_OBJC_ISA_USAGE = YES_ERROR;
				CLANG_WARN_DOCUMENTATION_COMMENTS = YES;
				CLANG_WARN_EMPTY_BODY = YES;
				CLANG_WARN_ENUM_CONVERSION = YES;
				CLANG_WARN_INFINITE_RECURSION = YES;
				CLANG_WARN_INT_CONVERSION = YES;
				CLANG_WARN_NON_LITERAL_NULL_CONVERSION = YES;
				CLANG_WARN_OBJC_LITERAL_CONVERSION = YES;
				CLANG_WARN_OBJC_ROOT_CLASS = YES_ERROR;
				CLANG_WARN_RANGE_LOOP_ANALYSIS = YES;
				CLANG_WARN_STRICT_PROTOTYPES = YES;
				CLANG_WARN_SUSPICIOUS_MOVE = YES;
				CLANG_WARN_UNGUARDED_AVAILABILITY = YES_AGGRESSIVE;
				CLANG_WARN_UNREACHABLE_CODE = YES;
				CLANG_WARN__DUPLICATE_METHOD_MATCH = YES;
				CODE_SIGN_IDENTITY = "iPhone Developer";
				COPY_PHASE_STRIP = NO;
				DEBUG_INFORMATION_FORMAT = "dwarf-with-dsym";
				ENABLE_NS_ASSERTIONS = NO;
				ENABLE_STRICT_OBJC_MSGSEND = YES;
				GCC_C_LANGUAGE_STANDARD = gnu11;
				GCC_NO_COMMON_BLOCKS = YES;
				GCC_WARN_64_TO_32_BIT_CONVERSION = YES;
				GCC_WARN_ABOUT_RETURN_TYPE = YES_ERROR;
				GCC_WARN_UNDECLARED_SELECTOR = YES;
				GCC_WARN_UNINITIALIZED_AUTOS = YES_AGGRESSIVE;
				GCC_WARN_UNUSED_FUNCTION = YES;
				GCC_WARN_UNUSED_VARIABLE = YES;
				IPHONEOS_DEPLOYMENT_TARGET = 11.0;
				MTL_ENABLE_DEBUG_INFO = NO;
				SDKROOT = iphoneos;
				SWIFT_OPTIMIZATION_LEVEL = "-Owholemodule";
				VALIDATE_PRODUCT = YES;
			};
			name = Release;
		};
		A718FC521FB9282B00D9FE03 /* Debug */ = {
			isa = XCBuildConfiguration;
			buildSettings = {
				ASSETCATALOG_COMPILER_APPICON_NAME = AppIcon;
				CODE_SIGN_STYLE = Automatic;
				DEVELOPMENT_TEAM = 732BVCRMX2;
				INFOPLIST_FILE = ExercisePushtoGit/Info.plist;
				LD_RUNPATH_SEARCH_PATHS = "$(inherited) @executable_path/Frameworks";
				PRODUCT_BUNDLE_IDENTIFIER = MTStudios.ExercisePushtoGit;
				PRODUCT_NAME = "$(TARGET_NAME)";
				SWIFT_VERSION = 4.0;
				TARGETED_DEVICE_FAMILY = "1,2";
			};
			name = Debug;
		};
		A718FC531FB9282B00D9FE03 /* Release */ = {
			isa = XCBuildConfiguration;
			buildSettings = {
				ASSETCATALOG_COMPILER_APPICON_NAME = AppIcon;
				CODE_SIGN_STYLE = Automatic;
				DEVELOPMENT_TEAM = 732BVCRMX2;
				INFOPLIST_FILE = ExercisePushtoGit/Info.plist;
				LD_RUNPATH_SEARCH_PATHS = "$(inherited) @executable_path/Frameworks";
				PRODUCT_BUNDLE_IDENTIFIER = MTStudios.ExercisePushtoGit;
				PRODUCT_NAME = "$(TARGET_NAME)";
				SWIFT_VERSION = 4.0;
				TARGETED_DEVICE_FAMILY = "1,2";
			};
			name = Release;
		};
/* End XCBuildConfiguration section */

/* Begin XCConfigurationList section */
		A718FC3A1FB9282B00D9FE03 /* Build configuration list for PBXProject "ExercisePushtoGit" */ = {
			isa = XCConfigurationList;
			buildConfigurations = (
				A718FC4F1FB9282B00D9FE03 /* Debug */,
				A718FC501FB9282B00D9FE03 /* Release */,
			);
			defaultConfigurationIsVisible = 0;
			defaultConfigurationName = Release;
		};
		A718FC511FB9282B00D9FE03 /* Build configuration list for PBXNativeTarget "ExercisePushtoGit" */ = {
			isa = XCConfigurationList;
			buildConfigurations = (
				A718FC521FB9282B00D9FE03 /* Debug */,
				A718FC531FB9282B00D9FE03 /* Release */,
			);
			defaultConfigurationIsVisible = 0;
			defaultConfigurationName = Release;
		};
/* End XCConfigurationList section */
	};
	rootObject = A718FC371FB9282B00D9FE03 /* Project object */;
}
